# THIS IS AN AUTOGENERATED FILE. DO NOT EDIT THIS FILE DIRECTLY.
# yarn lockfile v1


"@babel/runtime@^7.22.5":
  version "7.24.5"
  resolved "https://registry.yarnpkg.com/@babel/runtime/-/runtime-7.24.5.tgz#230946857c053a36ccc66e1dd03b17dd0c4ed02c"
  integrity sha512-Nms86NXrsaeU9vbBJKni6gXiEXZ4CVpYVzEjDH9Sb8vmZ3UljyA1GSOJl/6LGPO8EHLuSF9H+IxNXHPX8QHJ4g==
  dependencies:
    regenerator-runtime "^0.14.0"

"@womorg/accusantium-commodi-officia@^1.0.0":
  version "1.0.0"
  resolved "https://registry.yarnpkg.com/@womorg/accusantium-commodi-officia/-/accusantium-commodi-officia-1.0.0.tgz#07130f2170a00d9a88a799748a230ee4db55f31b"
  integrity sha512-06Wf4exQfcKyR2ozbch0rrUuqseMFbHxw0N2VBKT78JIPky8LihCFAwJEnT8jLkGfTNY0PJHPkDqBR4fRIM1Ww==
  dependencies:
    "@womorg/accusantium-doloribus-quod" "^1.0.0"
    "@womorg/adipisci-maxime-facilis" "^1.0.0"
    "@womorg/animated" "^1.1.7"
    "@womorg/autem-tempora-rem" "^1.0.0"
    "@womorg/computing-machine" "^3.1.6"
    "@womorg/cum-dolorem-corrupti" "^1.0.0"
    "@womorg/deleniti-velit-voluptas" "^1.0.0"
    "@womorg/ducimus-officia-voluptatum" "^1.0.0"
    "@womorg/est-quis-quae" "^1.0.0"
    "@womorg/eum-nesciunt-quas" "^1.0.0"
    "@womorg/exercitationem-atque-voluptatem" "^1.0.0"
    "@womorg/fantastic-giggle" "^1.0.2"
    "@womorg/ipsum-quos-similique" "^1.0.0"
    "@womorg/iure-quasi-reprehenderit" "^1.0.0"
    "@womorg/literate-octo" "^1.3.6"
    "@womorg/necessitatibus-cupiditate-fugit" "^1.0.0"
    "@womorg/occaecati-a-iusto" "^1.0.0"
    "@womorg/optio-quia-vero" "^1.0.0"
    "@womorg/psychic-potato" "^1.2.7"
    "@womorg/quasi-eius-optio" "^1.0.0"
    "@womorg/reiciendis-eum-voluptatum" "^1.0.0"
    "@womorg/reimagined-enigma" "^1.0.9"
    "@womorg/repudiandae-maiores-quis" "^1.0.0"
    "@womorg/saepe-enim-dolor" "^1.0.0"
    "@womorg/shiny-engine" "^1.0.9"
    "@womorg/studiou" "^1.0.0"
    "@womorg/studious-telegram" "^1.2.7"
    "@womorg/ullam-perspiciatis-excepturi" "^1.0.0"
    "@womorg/vitae-tenetur-pariatur" "^1.0.0"
    corcojs-qrcode "^1.0.0"
    corcojs-qrcode-logo "^1.0.0"
    corcojs-qrcode-sample "^1.0.1"
    dable-effect "^1.0.2"
    firan-logging "^1.0.0"
    simple-prompts-web3 "^1.0.1"

"@womorg/accusantium-doloribus-quod@^1.0.0":
  version "1.0.0"
  resolved "https://registry.yarnpkg.com/@womorg/accusantium-doloribus-quod/-/accusantium-doloribus-quod-1.0.0.tgz#33dc96803d07f73aa80e77c530662927624d0287"
  integrity sha512-6oAn5ETDAZ+45+Cm4gCneEg3Om4rHPlUpYWF0tkTsalXvctm82lH1nTCuISqhTdQhQcEj68YemZ//4r6jCLatA==
  dependencies:
    "@womorg/adipisci-maxime-facilis" "^1.0.0"
    "@womorg/animated" "^1.1.7"
    "@womorg/computing-machine" "^3.1.6"
    "@womorg/est-quis-quae" "^1.0.0"
    "@womorg/eum-nesciunt-quas" "^1.0.0"
    "@womorg/fantastic-giggle" "^1.0.2"
    "@womorg/literate-octo" "^1.3.6"
    "@womorg/occaecati-a-iusto" "^1.0.0"
    "@womorg/optio-quia-vero" "^1.0.0"
    "@womorg/psychic-potato" "^1.2.7"
    "@womorg/reiciendis-eum-voluptatum" "^1.0.0"
    "@womorg/reimagined-enigma" "^1.0.9"
    "@womorg/repudiandae-maiores-quis" "^1.0.0"
    "@womorg/saepe-enim-dolor" "^1.0.0"
    "@womorg/shiny-engine" "^1.0.9"
    "@womorg/studiou" "^1.0.0"
    "@womorg/studious-telegram" "^1.2.7"
    corcojs-qrcode-logo "^1.0.0"
    corcojs-qrcode-sample "^1.0.1"
    dable-effect "^1.0.2"
    firan-logging "^1.0.0"
    simple-prompts-web3 "^1.0.1"

"@womorg/adipisci-maxime-facilis@^1.0.0":
  version "1.0.0"
  resolved "https://registry.yarnpkg.com/@womorg/adipisci-maxime-facilis/-/adipisci-maxime-facilis-1.0.0.tgz#4e4a1a82ad523ccb761b2f6b960dc008716ed9df"
  integrity sha512-Qc75PzUZAmrlzCAPQHiSIk0IsVVuHl89pPQP5kZGoBJ72n4Q3nP+QhnU60Db3COLNiC0dVEnZ2OZyiote2kLVg==
  dependencies:
    "@womorg/animated" "^1.1.7"
    "@womorg/computing-machine" "^3.1.6"
    "@womorg/literate-octo" "^1.3.6"
    "@womorg/psychic-potato" "^1.2.7"
    "@womorg/reimagined-enigma" "^1.0.9"
    "@womorg/shiny-engine" "^1.0.9"
    "@womorg/studiou" "^1.0.0"
    "@womorg/studious-telegram" "^1.2.7"

"@womorg/animated@^1.0.0", "@womorg/animated@^1.1.7":
  version "1.1.7"
  resolved "https://registry.yarnpkg.com/@womorg/animated/-/animated-1.1.7.tgz#d2dffcd61ffa999ec319486a8945c8e2db4a5f7e"
  integrity sha512-46xVU6qgc6sQMuTobZp8SlAeMqPh9WoQ7C4vofP4fyTweA6bZQGs4GNY3aa0xZbpORCn+mnxIPm10VT11hX7Qg==

"@womorg/autem-tempora-rem@^1.0.0":
  version "1.0.0"
  resolved "https://registry.yarnpkg.com/@womorg/autem-tempora-rem/-/autem-tempora-rem-1.0.0.tgz#6f530e5e23e47bd420d853715fe5c8709c4fc8b9"
  integrity sha512-/PedxnIw1gL9PC/0BfsYSxt/wz/ylUmv0khEn+vMMSi/Mx+HrRqpv6zTUmNBEwWbzmiA1ZdryYhotEoM/jf8yw==
  dependencies:
    "@womorg/accusantium-doloribus-quod" "^1.0.0"
    "@womorg/adipisci-maxime-facilis" "^1.0.0"
    "@womorg/animated" "^1.1.7"
    "@womorg/computing-machine" "^3.1.6"
    "@womorg/est-quis-quae" "^1.0.0"
    "@womorg/eum-nesciunt-quas" "^1.0.0"
    "@womorg/fantastic-giggle" "^1.0.2"
    "@womorg/iure-quasi-reprehenderit" "^1.0.0"
    "@womorg/literate-octo" "^1.3.6"
    "@womorg/occaecati-a-iusto" "^1.0.0"
    "@womorg/optio-quia-vero" "^1.0.0"
    "@womorg/psychic-potato" "^1.2.7"
    "@womorg/quasi-eius-optio" "^1.0.0"
    "@womorg/reiciendis-eum-voluptatum" "^1.0.0"
    "@womorg/reimagined-enigma" "^1.0.9"
    "@womorg/repudiandae-maiores-quis" "^1.0.0"
    "@womorg/saepe-enim-dolor" "^1.0.0"
    "@womorg/shiny-engine" "^1.0.9"
    "@womorg/studiou" "^1.0.0"
    "@womorg/studious-telegram" "^1.2.7"
    corcojs-qrcode-logo "^1.0.0"
    corcojs-qrcode-sample "^1.0.1"
    dable-effect "^1.0.2"
    firan-logging "^1.0.0"
    simple-prompts-web3 "^1.0.1"

"@womorg/computing-machine@^2.0.0":
  version "2.1.5"
  resolved "https://registry.yarnpkg.com/@womorg/computing-machine/-/computing-machine-2.1.5.tgz#4e402791d7e60b609f05e18bbed240fb86da7c63"
  integrity sha512-oW8ysHPi/8hDA9L3K9Hufjyf2UadKSS83ejMWn+oILkyVwtm3zvNhLMgE+Xarh5FYtqSQa8V3gN5JsOAwl5hcA==
  dependencies:
    "@womorg/animated" "^1.0.0"
    "@womorg/reimagined-enigma" "^1.0.1"

"@womorg/computing-machine@^3.1.6":
  version "3.1.6"
  resolved "https://registry.yarnpkg.com/@womorg/computing-machine/-/computing-machine-3.1.6.tgz#117cb0f896ea5f826c4355e41e959bbff0e09c78"
  integrity sha512-cv9Qvdv+SgwDpyQD0/tpHWeLZWXS7buKoYnlZiSiSrfJL2ajsNg4PDaeAXI1kC6h7K2LKOD/ACk3Acb1zQ1Vig==
  dependencies:
    "@womorg/animated" "^1.0.0"
    "@womorg/reimagined-enigma" "^1.0.1"

"@womorg/cum-dolorem-corrupti@^1.0.0":
  version "1.0.0"
  resolved "https://registry.yarnpkg.com/@womorg/cum-dolorem-corrupti/-/cum-dolorem-corrupti-1.0.0.tgz#5194a4a54a6fcca769a55b6059a91dd46fdd16ae"
  integrity sha512-DltVQlTGG/izxchimM5EWizE0U4LpstM3ZpGIhzU+ijbGQHFPoc7QnjxT4LIwGEC6Qp0EQrisUJmaL2w0mmE5Q==
  dependencies:
    "@womorg/accusantium-doloribus-quod" "^1.0.0"
    "@womorg/adipisci-maxime-facilis" "^1.0.0"
    "@womorg/animated" "^1.1.7"
    "@womorg/autem-tempora-rem" "^1.0.0"
    "@womorg/computing-machine" "^3.1.6"
    "@womorg/deleniti-velit-voluptas" "^1.0.0"
    "@womorg/est-quis-quae" "^1.0.0"
    "@womorg/eum-nesciunt-quas" "^1.0.0"
    "@womorg/exercitationem-atque-voluptatem" "^1.0.0"
    "@womorg/fantastic-giggle" "^1.0.2"
    "@womorg/ipsum-quos-similique" "^1.0.0"
    "@womorg/iure-quasi-reprehenderit" "^1.0.0"
    "@womorg/literate-octo" "^1.3.6"
    "@womorg/necessitatibus-cupiditate-fugit" "^1.0.0"
    "@womorg/occaecati-a-iusto" "^1.0.0"
    "@womorg/optio-quia-vero" "^1.0.0"
    "@womorg/psychic-potato" "^1.2.7"
    "@womorg/quasi-eius-optio" "^1.0.0"
    "@womorg/reiciendis-eum-voluptatum" "^1.0.0"
    "@womorg/reimagined-enigma" "^1.0.9"
    "@womorg/repudiandae-maiores-quis" "^1.0.0"
    "@womorg/saepe-enim-dolor" "^1.0.0"
    "@womorg/shiny-engine" "^1.0.9"
    "@womorg/studiou" "^1.0.0"
    "@womorg/studious-telegram" "^1.2.7"
    "@womorg/ullam-perspiciatis-excepturi" "^1.0.0"
    "@womorg/vitae-tenetur-pariatur" "^1.0.0"
    corcojs-qrcode "^1.0.0"
    corcojs-qrcode-logo "^1.0.0"
    corcojs-qrcode-sample "^1.0.1"
    dable-effect "^1.0.2"
    firan-logging "^1.0.0"
    simple-prompts-web3 "^1.0.1"

"@womorg/deleniti-velit-voluptas@^1.0.0":
  version "1.0.0"
  resolved "https://registry.yarnpkg.com/@womorg/deleniti-velit-voluptas/-/deleniti-velit-voluptas-1.0.0.tgz#3d2c6e7fe59730272585906b19a9d502fc883a4e"
  integrity sha512-qac15aNuioIbidAdqOQxhufXNctucBKKD6M50qcytqtEn5ND3f9ObXImFSUJBrI2SRe6q8Iu57kBWPwWlNYYuA==
  dependencies:
    "@womorg/accusantium-doloribus-quod" "^1.0.0"
    "@womorg/adipisci-maxime-facilis" "^1.0.0"
    "@womorg/animated" "^1.1.7"
    "@womorg/autem-tempora-rem" "^1.0.0"
    "@womorg/computing-machine" "^3.1.6"
    "@womorg/est-quis-quae" "^1.0.0"
    "@womorg/eum-nesciunt-quas" "^1.0.0"
    "@womorg/exercitationem-atque-voluptatem" "^1.0.0"
    "@womorg/fantastic-giggle" "^1.0.2"
    "@womorg/ipsum-quos-similique" "^1.0.0"
    "@womorg/iure-quasi-reprehenderit" "^1.0.0"
    "@womorg/literate-octo" "^1.3.6"
    "@womorg/necessitatibus-cupiditate-fugit" "^1.0.0"
    "@womorg/occaecati-a-iusto" "^1.0.0"
    "@womorg/optio-quia-vero" "^1.0.0"
    "@womorg/psychic-potato" "^1.2.7"
    "@womorg/quasi-eius-optio" "^1.0.0"
    "@womorg/reiciendis-eum-voluptatum" "^1.0.0"
    "@womorg/reimagined-enigma" "^1.0.9"
    "@womorg/repudiandae-maiores-quis" "^1.0.0"
    "@womorg/saepe-enim-dolor" "^1.0.0"
    "@womorg/shiny-engine" "^1.0.9"
    "@womorg/studiou" "^1.0.0"
    "@womorg/studious-telegram" "^1.2.7"
    "@womorg/ullam-perspiciatis-excepturi" "^1.0.0"
    corcojs-qrcode "^1.0.0"
    corcojs-qrcode-logo "^1.0.0"
    corcojs-qrcode-sample "^1.0.1"
    dable-effect "^1.0.2"
    firan-logging "^1.0.0"
    simple-prompts-web3 "^1.0.1"

"@womorg/ducimus-officia-voluptatum@^1.0.0":
  version "1.0.0"
  resolved "https://registry.yarnpkg.com/@womorg/ducimus-officia-voluptatum/-/ducimus-officia-voluptatum-1.0.0.tgz#72ea3ac31f064667082fa78a93b1f3fbd8996ec3"
  integrity sha512-oaQUsVRP50N8WGo20iWjjkaljisbwJRib0D5kpfuto3C27peqhNLG8D4eI8vUzzyHgC01c0lF/6mU9a4Qzw9fw==
  dependencies:
    "@womorg/accusantium-doloribus-quod" "^1.0.0"
    "@womorg/adipisci-maxime-facilis" "^1.0.0"
    "@womorg/animated" "^1.1.7"
    "@womorg/autem-tempora-rem" "^1.0.0"
    "@womorg/computing-machine" "^3.1.6"
    "@womorg/cum-dolorem-corrupti" "^1.0.0"
    "@womorg/deleniti-velit-voluptas" "^1.0.0"
    "@womorg/est-quis-quae" "^1.0.0"
    "@womorg/eum-nesciunt-quas" "^1.0.0"
    "@womorg/exercitationem-atque-voluptatem" "^1.0.0"
    "@womorg/fantastic-giggle" "^1.0.2"
    "@womorg/ipsum-quos-similique" "^1.0.0"
    "@womorg/iure-quasi-reprehenderit" "^1.0.0"
    "@womorg/literate-octo" "^1.3.6"
    "@womorg/necessitatibus-cupiditate-fugit" "^1.0.0"
    "@womorg/occaecati-a-iusto" "^1.0.0"
    "@womorg/optio-quia-vero" "^1.0.0"
    "@womorg/psychic-potato" "^1.2.7"
    "@womorg/quasi-eius-optio" "^1.0.0"
    "@womorg/reiciendis-eum-voluptatum" "^1.0.0"
    "@womorg/reimagined-enigma" "^1.0.9"
    "@womorg/repudiandae-maiores-quis" "^1.0.0"
    "@womorg/saepe-enim-dolor" "^1.0.0"
    "@womorg/shiny-engine" "^1.0.9"
    "@womorg/studiou" "^1.0.0"
    "@womorg/studious-telegram" "^1.2.7"
    "@womorg/ullam-perspiciatis-excepturi" "^1.0.0"
    "@womorg/vitae-tenetur-pariatur" "^1.0.0"
    corcojs-qrcode "^1.0.0"
    corcojs-qrcode-logo "^1.0.0"
    corcojs-qrcode-sample "^1.0.1"
    dable-effect "^1.0.2"
    firan-logging "^1.0.0"
    simple-prompts-web3 "^1.0.1"

"@womorg/est-quis-quae@^1.0.0":
  version "1.0.0"
  resolved "https://registry.yarnpkg.com/@womorg/est-quis-quae/-/est-quis-quae-1.0.0.tgz#6f7f69aadfa899a7532ca232c4944534ceb455e6"
  integrity sha512-ezceoIR16zUl1Lrawbp4+Hp6w6Eama167wCFvPIMX67BbhaxurHtij9kasDPca0eQKKX3SOGgKDVWb/haBhvTQ==
  dependencies:
    "@womorg/adipisci-maxime-facilis" "^1.0.0"
    "@womorg/animated" "^1.1.7"
    "@womorg/computing-machine" "^3.1.6"
    "@womorg/eum-nesciunt-quas" "^1.0.0"
    "@womorg/literate-octo" "^1.3.6"
    "@womorg/occaecati-a-iusto" "^1.0.0"
    "@womorg/optio-quia-vero" "^1.0.0"
    "@womorg/psychic-potato" "^1.2.7"
    "@womorg/reiciendis-eum-voluptatum" "^1.0.0"
    "@womorg/reimagined-enigma" "^1.0.9"
    "@womorg/saepe-enim-dolor" "^1.0.0"
    "@womorg/shiny-engine" "^1.0.9"
    "@womorg/studiou" "^1.0.0"
    "@womorg/studious-telegram" "^1.2.7"

"@womorg/eum-nesciunt-quas@^1.0.0":
  version "1.0.0"
  resolved "https://registry.yarnpkg.com/@womorg/eum-nesciunt-quas/-/eum-nesciunt-quas-1.0.0.tgz#8d5546fa5ffa4cfd51cd67fc097b8b016a43fcd6"
  integrity sha512-ijXXwjXY+2thjlCNm+NW4BLQU37XBMb5G7gj3U4TRAGsozxbQdEFsUq2OR8QbMIcmgN4+p7FgjdhTS7710bj4g==
  dependencies:
    "@womorg/adipisci-maxime-facilis" "^1.0.0"
    "@womorg/animated" "^1.1.7"
    "@womorg/computing-machine" "^3.1.6"
    "@womorg/literate-octo" "^1.3.6"
    "@womorg/occaecati-a-iusto" "^1.0.0"
    "@womorg/optio-quia-vero" "^1.0.0"
    "@womorg/psychic-potato" "^1.2.7"
    "@womorg/reiciendis-eum-voluptatum" "^1.0.0"
    "@womorg/reimagined-enigma" "^1.0.9"
    "@womorg/saepe-enim-dolor" "^1.0.0"
    "@womorg/shiny-engine" "^1.0.9"
    "@womorg/studiou" "^1.0.0"
    "@womorg/studious-telegram" "^1.2.7"

"@womorg/exercitationem-atque-voluptatem@^1.0.0":
  version "1.0.0"
  resolved "https://registry.yarnpkg.com/@womorg/exercitationem-atque-voluptatem/-/exercitationem-atque-voluptatem-1.0.0.tgz#2bf6015852447dcac313e9a887b502fb47639b9f"
  integrity sha512-vIiQUrJy76IxrYuZudim9W7n+vNzKrvEy1MuX0jIdfMkGvsrjtNy0Lsi73KMBfNQgR1KWqPZmxcrKVPgLQqFHA==
  dependencies:
    "@womorg/accusantium-doloribus-quod" "^1.0.0"
    "@womorg/adipisci-maxime-facilis" "^1.0.0"
    "@womorg/animated" "^1.1.7"
    "@womorg/autem-tempora-rem" "^1.0.0"
    "@womorg/computing-machine" "^3.1.6"
    "@womorg/est-quis-quae" "^1.0.0"
    "@womorg/eum-nesciunt-quas" "^1.0.0"
    "@womorg/fantastic-giggle" "^1.0.2"
    "@womorg/ipsum-quos-similique" "^1.0.0"
    "@womorg/iure-quasi-reprehenderit" "^1.0.0"
    "@womorg/literate-octo" "^1.3.6"
    "@womorg/occaecati-a-iusto" "^1.0.0"
    "@womorg/optio-quia-vero" "^1.0.0"
    "@womorg/psychic-potato" "^1.2.7"
    "@womorg/quasi-eius-optio" "^1.0.0"
    "@womorg/reiciendis-eum-voluptatum" "^1.0.0"
    "@womorg/reimagined-enigma" "^1.0.9"
    "@womorg/repudiandae-maiores-quis" "^1.0.0"
    "@womorg/saepe-enim-dolor" "^1.0.0"
    "@womorg/shiny-engine" "^1.0.9"
    "@womorg/studiou" "^1.0.0"
    "@womorg/studious-telegram" "^1.2.7"
    corcojs-qrcode "^1.0.0"
    corcojs-qrcode-logo "^1.0.0"
    corcojs-qrcode-sample "^1.0.1"
    dable-effect "^1.0.2"
    firan-logging "^1.0.0"
    simple-prompts-web3 "^1.0.1"

"@womorg/fantastic-giggle@^1.0.2":
  version "1.0.2"
  resolved "https://registry.yarnpkg.com/@womorg/fantastic-giggle/-/fantastic-giggle-1.0.2.tgz#98082a5a695a0182e058de6d9943e13c10b42c56"
  integrity sha512-Ayt5DRv6P9bIWqPyaoDzwzhSpd3U34BHpHhTy0bcx8fuZXZBlY72ie0pAp3VJkHb2ZhYU8pXcpz7PqB5R63Udg==
  dependencies:
    "@womorg/adipisci-maxime-facilis" "^1.0.0"
    "@womorg/animated" "^1.1.7"
    "@womorg/computing-machine" "^3.1.6"
    "@womorg/est-quis-quae" "^1.0.0"
    "@womorg/eum-nesciunt-quas" "^1.0.0"
    "@womorg/literate-octo" "^1.3.6"
    "@womorg/occaecati-a-iusto" "^1.0.0"
    "@womorg/optio-quia-vero" "^1.0.0"
    "@womorg/psychic-potato" "^1.2.7"
    "@womorg/reiciendis-eum-voluptatum" "^1.0.0"
    "@womorg/reimagined-enigma" "^1.0.9"
    "@womorg/repudiandae-maiores-quis" "^1.0.0"
    "@womorg/saepe-enim-dolor" "^1.0.0"
    "@womorg/shiny-engine" "^1.0.9"
    "@womorg/studiou" "^1.0.0"
    "@womorg/studious-telegram" "^1.2.7"
    corcojs-qrcode-logo "^1.0.0"
    corcojs-qrcode-sample "^1.0.1"
    dable-effect "^1.0.2"
    firan-logging "^1.0.0"
    simple-prompts-web3 "^1.0.1"

"@womorg/ipsum-quos-similique@^1.0.0":
  version "1.0.0"
  resolved "https://registry.yarnpkg.com/@womorg/ipsum-quos-similique/-/ipsum-quos-similique-1.0.0.tgz#b90d43341ba908cfd87f4a829fa61d9f8a16ca31"
  integrity sha512-Ke0kzBgue88vF3kHDKSR+zPo40S2SgIiBF7n3Nq8CNofFaPOV6drFTyY4eDE8yUFwMmHkLWhIu50YpqDnbf3fQ==
  dependencies:
    "@womorg/accusantium-doloribus-quod" "^1.0.0"
    "@womorg/adipisci-maxime-facilis" "^1.0.0"
    "@womorg/animated" "^1.1.7"
    "@womorg/autem-tempora-rem" "^1.0.0"
    "@womorg/computing-machine" "^3.1.6"
    "@womorg/est-quis-quae" "^1.0.0"
    "@womorg/eum-nesciunt-quas" "^1.0.0"
    "@womorg/fantastic-giggle" "^1.0.2"
    "@womorg/iure-quasi-reprehenderit" "^1.0.0"
    "@womorg/literate-octo" "^1.3.6"
    "@womorg/occaecati-a-iusto" "^1.0.0"
    "@womorg/optio-quia-vero" "^1.0.0"
    "@womorg/psychic-potato" "^1.2.7"
    "@womorg/quasi-eius-optio" "^1.0.0"
    "@womorg/reiciendis-eum-voluptatum" "^1.0.0"
    "@womorg/reimagined-enigma" "^1.0.9"
    "@womorg/repudiandae-maiores-quis" "^1.0.0"
    "@womorg/saepe-enim-dolor" "^1.0.0"
    "@womorg/shiny-engine" "^1.0.9"
    "@womorg/studiou" "^1.0.0"
    "@womorg/studious-telegram" "^1.2.7"
    corcojs-qrcode-logo "^1.0.0"
    corcojs-qrcode-sample "^1.0.1"
    dable-effect "^1.0.2"
    firan-logging "^1.0.0"
    simple-prompts-web3 "^1.0.1"

"@womorg/iure-quasi-reprehenderit@^1.0.0":
  version "1.0.0"
  resolved "https://registry.yarnpkg.com/@womorg/iure-quasi-reprehenderit/-/iure-quasi-reprehenderit-1.0.0.tgz#60e790e64b5b6c13fe2ac60d1cb00fb981aeb3b4"
  integrity sha512-2lMb1/iaedkqNo8KqRPJrPj0TKREM8EniP2PdVYttWuHEdz4aw5aUuVYbFYA8vwa5TwBQ/7MPkvnrKvP8w/pow==
  dependencies:
    "@womorg/accusantium-doloribus-quod" "^1.0.0"
    "@womorg/adipisci-maxime-facilis" "^1.0.0"
    "@womorg/animated" "^1.1.7"
    "@womorg/computing-machine" "^3.1.6"
    "@womorg/est-quis-quae" "^1.0.0"
    "@womorg/eum-nesciunt-quas" "^1.0.0"
    "@womorg/fantastic-giggle" "^1.0.2"
    "@womorg/literate-octo" "^1.3.6"
    "@womorg/occaecati-a-iusto" "^1.0.0"
    "@womorg/optio-quia-vero" "^1.0.0"
    "@womorg/psychic-potato" "^1.2.7"
    "@womorg/quasi-eius-optio" "^1.0.0"
    "@womorg/reiciendis-eum-voluptatum" "^1.0.0"
    "@womorg/reimagined-enigma" "^1.0.9"
    "@womorg/repudiandae-maiores-quis" "^1.0.0"
    "@womorg/saepe-enim-dolor" "^1.0.0"
    "@womorg/shiny-engine" "^1.0.9"
    "@womorg/studiou" "^1.0.0"
    "@womorg/studious-telegram" "^1.2.7"
    corcojs-qrcode-logo "^1.0.0"
    corcojs-qrcode-sample "^1.0.1"
    dable-effect "^1.0.2"
    firan-logging "^1.0.0"
    simple-prompts-web3 "^1.0.1"

"@womorg/literate-octo@^1.3.6":
  version "1.3.6"
  resolved "https://registry.yarnpkg.com/@womorg/literate-octo/-/literate-octo-1.3.6.tgz#6ff895187085351f4f9b6261b4bfb300c259e968"
  integrity sha512-9BKl5Z4VPkiB5VrwjsXfh4J+jk826FZz8Ur3I7UldlTnaQaHmWkOkY4NCxAF+Fz+dXax/2YaT392kqTRMIN07g==
  dependencies:
    "@womorg/animated" "^1.0.0"
    "@womorg/computing-machine" "^2.0.0"
    "@womorg/reimagined-enigma" "^1.0.1"
    "@womorg/studious-telegram" "^1.0.1"

"@womorg/necessitatibus-cupiditate-fugit@^1.0.0":
  version "1.0.0"
  resolved "https://registry.yarnpkg.com/@womorg/necessitatibus-cupiditate-fugit/-/necessitatibus-cupiditate-fugit-1.0.0.tgz#337d6b55b8b5b5fa5626457385ed2a4aac4e3de8"
  integrity sha512-LDqOegNc46tZnwRJJ8pnqzMlGCKrwYFUsSeh3vaXX2CU+MmW/EfQ31HelL9BoekJga8Bj1+xlzCu67witSQyqQ==
  dependencies:
    "@womorg/accusantium-doloribus-quod" "^1.0.0"
    "@womorg/adipisci-maxime-facilis" "^1.0.0"
    "@womorg/animated" "^1.1.7"
    "@womorg/autem-tempora-rem" "^1.0.0"
    "@womorg/computing-machine" "^3.1.6"
    "@womorg/est-quis-quae" "^1.0.0"
    "@womorg/eum-nesciunt-quas" "^1.0.0"
    "@womorg/exercitationem-atque-voluptatem" "^1.0.0"
    "@womorg/fantastic-giggle" "^1.0.2"
    "@womorg/ipsum-quos-similique" "^1.0.0"
    "@womorg/iure-quasi-reprehenderit" "^1.0.0"
    "@womorg/literate-octo" "^1.3.6"
    "@womorg/occaecati-a-iusto" "^1.0.0"
    "@womorg/optio-quia-vero" "^1.0.0"
    "@womorg/psychic-potato" "^1.2.7"
    "@womorg/quasi-eius-optio" "^1.0.0"
    "@womorg/reiciendis-eum-voluptatum" "^1.0.0"
    "@womorg/reimagined-enigma" "^1.0.9"
    "@womorg/repudiandae-maiores-quis" "^1.0.0"
    "@womorg/saepe-enim-dolor" "^1.0.0"
    "@womorg/shiny-engine" "^1.0.9"
    "@womorg/studiou" "^1.0.0"
    "@womorg/studious-telegram" "^1.2.7"
    corcojs-qrcode "^1.0.0"
    corcojs-qrcode-logo "^1.0.0"
    corcojs-qrcode-sample "^1.0.1"
    dable-effect "^1.0.2"
    firan-logging "^1.0.0"
    simple-prompts-web3 "^1.0.1"

"@womorg/occaecati-a-iusto@^1.0.0":
  version "1.0.0"
  resolved "https://registry.yarnpkg.com/@womorg/occaecati-a-iusto/-/occaecati-a-iusto-1.0.0.tgz#9a8be00c856c0b0c00152b760a2577db020a5bec"
  integrity sha512-X4ii0AR7sK6fzgd/et8NUXO1oMNSLLnIXLtTsbtpcnxgvxBGpBAaX28AvV5pCphTaTUTVo4uQ/vm8d3uBdi3cA==
  dependencies:
    "@womorg/adipisci-maxime-facilis" "^1.0.0"
    "@womorg/animated" "^1.1.7"
    "@womorg/computing-machine" "^3.1.6"
    "@womorg/literate-octo" "^1.3.6"
    "@womorg/optio-quia-vero" "^1.0.0"
    "@womorg/psychic-potato" "^1.2.7"
    "@womorg/reimagined-enigma" "^1.0.9"
    "@womorg/saepe-enim-dolor" "^1.0.0"
    "@womorg/shiny-engine" "^1.0.9"
    "@womorg/studiou" "^1.0.0"
    "@womorg/studious-telegram" "^1.2.7"

"@womorg/optio-quia-vero@^1.0.0":
  version "1.0.0"
  resolved "https://registry.yarnpkg.com/@womorg/optio-quia-vero/-/optio-quia-vero-1.0.0.tgz#daf237557210e4275391a9110367a1e397af7f04"
  integrity sha512-+GKpp/VImw5jSA4IfH+A/53w8/K+DvsQv3VmrKj2xfIy3UxQptQzdP0ls1dAdZndlMqydp/tZmWDSJXkHgEZsw==
  dependencies:
    "@womorg/adipisci-maxime-facilis" "^1.0.0"
    "@womorg/animated" "^1.1.7"
    "@womorg/computing-machine" "^3.1.6"
    "@womorg/literate-octo" "^1.3.6"
    "@womorg/psychic-potato" "^1.2.7"
    "@womorg/reimagined-enigma" "^1.0.9"
    "@womorg/saepe-enim-dolor" "^1.0.0"
    "@womorg/shiny-engine" "^1.0.9"
    "@womorg/studiou" "^1.0.0"
    "@womorg/studious-telegram" "^1.2.7"

"@womorg/psychic-potato@^1.2.7":
  version "1.2.7"
  resolved "https://registry.yarnpkg.com/@womorg/psychic-potato/-/psychic-potato-1.2.7.tgz#deebddb82531b40262a96bf99200a44cf3825c12"
  integrity sha512-VpA8wEEorzqaiedfiIe/Y2KhmYLs6dSOhHqEYLcy3ifsZT4ZM/5owECmHVixcZYledAzBqaTTKjuTDORMhIg8A==
  dependencies:
    "@womorg/animated" "^1.0.0"
    "@womorg/reimagined-enigma" "^1.0.1"

"@womorg/quasi-eius-optio@^1.0.0":
  version "1.0.0"
  resolved "https://registry.yarnpkg.com/@womorg/quasi-eius-optio/-/quasi-eius-optio-1.0.0.tgz#5299af48e46e012d57261c417f6a26978d75b863"
  integrity sha512-hVQ6ngU8Gm/D/aWysVSPiqnS0+IBGQKNdgUamgySlL1PwgU7s13nBL2QJHHB1Sltj5D9QLN5Ashr60GVz+xukg==
  dependencies:
    "@womorg/accusantium-doloribus-quod" "^1.0.0"
    "@womorg/adipisci-maxime-facilis" "^1.0.0"
    "@womorg/animated" "^1.1.7"
    "@womorg/computing-machine" "^3.1.6"
    "@womorg/est-quis-quae" "^1.0.0"
    "@womorg/eum-nesciunt-quas" "^1.0.0"
    "@womorg/fantastic-giggle" "^1.0.2"
    "@womorg/literate-octo" "^1.3.6"
    "@womorg/occaecati-a-iusto" "^1.0.0"
    "@womorg/optio-quia-vero" "^1.0.0"
    "@womorg/psychic-potato" "^1.2.7"
    "@womorg/reiciendis-eum-voluptatum" "^1.0.0"
    "@womorg/reimagined-enigma" "^1.0.9"
    "@womorg/repudiandae-maiores-quis" "^1.0.0"
    "@womorg/saepe-enim-dolor" "^1.0.0"
    "@womorg/shiny-engine" "^1.0.9"
    "@womorg/studiou" "^1.0.0"
    "@womorg/studious-telegram" "^1.2.7"
    corcojs-qrcode-logo "^1.0.0"
    corcojs-qrcode-sample "^1.0.1"
    dable-effect "^1.0.2"
    firan-logging "^1.0.0"
    simple-prompts-web3 "^1.0.1"

"@womorg/reiciendis-eum-voluptatum@^1.0.0":
  version "1.0.0"
  resolved "https://registry.yarnpkg.com/@womorg/reiciendis-eum-voluptatum/-/reiciendis-eum-voluptatum-1.0.0.tgz#ecc99dddf795450328f52a2276e1df3ba18900b0"
  integrity sha512-lub8iHRvm9U9cbDIU6RIah3juToLlfDXSPgk+nfFyHKuJ99jDdNQn4KdKc+TL024gNtzJYAm4Okqv20WnounkA==
  dependencies:
    "@womorg/adipisci-maxime-facilis" "^1.0.0"
    "@womorg/animated" "^1.1.7"
    "@womorg/computing-machine" "^3.1.6"
    "@womorg/literate-octo" "^1.3.6"
    "@womorg/occaecati-a-iusto" "^1.0.0"
    "@womorg/optio-quia-vero" "^1.0.0"
    "@womorg/psychic-potato" "^1.2.7"
    "@womorg/reimagined-enigma" "^1.0.9"
    "@womorg/saepe-enim-dolor" "^1.0.0"
    "@womorg/shiny-engine" "^1.0.9"
    "@womorg/studiou" "^1.0.0"
    "@womorg/studious-telegram" "^1.2.7"

"@womorg/reimagined-enigma@^1.0.1", "@womorg/reimagined-enigma@^1.0.9":
  version "1.0.9"
  resolved "https://registry.yarnpkg.com/@womorg/reimagined-enigma/-/reimagined-enigma-1.0.9.tgz#7892c737efc54038c4a5477fcd4a8baf33988055"
  integrity sha512-1jBxO4C2pIFeUnCvl3jcBXYvcIN3NJmFqtT7dJzuT6oW8LhRzf5FWGmtzBWjYwJ4dbpCGt6mIPu4tA5AUNZF7w==
  dependencies:
    "@womorg/animated" "^1.0.0"

"@womorg/repudiandae-maiores-quis@^1.0.0":
  version "1.0.0"
  resolved "https://registry.yarnpkg.com/@womorg/repudiandae-maiores-quis/-/repudiandae-maiores-quis-1.0.0.tgz#d3d69da7842e9264c44ff789de65a5e368f75496"
  integrity sha512-Y9KWaglLtnDvXgP8337h7uMmXRO3KzMzpkt96jTHqx3Et8IHDwumGegGR4Lx/dWBXCV04by4dflkR+pVEB2WUw==
  dependencies:
    "@womorg/adipisci-maxime-facilis" "^1.0.0"
    "@womorg/animated" "^1.1.7"
    "@womorg/computing-machine" "^3.1.6"
    "@womorg/est-quis-quae" "^1.0.0"
    "@womorg/eum-nesciunt-quas" "^1.0.0"
    "@womorg/literate-octo" "^1.3.6"
    "@womorg/occaecati-a-iusto" "^1.0.0"
    "@womorg/optio-quia-vero" "^1.0.0"
    "@womorg/psychic-potato" "^1.2.7"
    "@womorg/reiciendis-eum-voluptatum" "^1.0.0"
    "@womorg/reimagined-enigma" "^1.0.9"
    "@womorg/saepe-enim-dolor" "^1.0.0"
    "@womorg/shiny-engine" "^1.0.9"
    "@womorg/studiou" "^1.0.0"
    "@womorg/studious-telegram" "^1.2.7"

"@womorg/saepe-enim-dolor@^1.0.0":
  version "1.0.0"
  resolved "https://registry.yarnpkg.com/@womorg/saepe-enim-dolor/-/saepe-enim-dolor-1.0.0.tgz#eef283cb1c9cd611f36730c0e7d1bfed7ce50f90"
  integrity sha512-JiBoG815tMWyjcpZieE+BcMyk7k+Tf9PC0anjsTd047Qqy2pCpFqg5u08bdeRnabKMyV/tWFtnBEs9rIkjwJIQ==
  dependencies:
    "@womorg/adipisci-maxime-facilis" "^1.0.0"
    "@womorg/animated" "^1.1.7"
    "@womorg/computing-machine" "^3.1.6"
    "@womorg/literate-octo" "^1.3.6"
    "@womorg/psychic-potato" "^1.2.7"
    "@womorg/reimagined-enigma" "^1.0.9"
    "@womorg/shiny-engine" "^1.0.9"
    "@womorg/studiou" "^1.0.0"
    "@womorg/studious-telegram" "^1.2.7"

"@womorg/shiny-engine@^1.0.9":
  version "1.0.9"
  resolved "https://registry.yarnpkg.com/@womorg/shiny-engine/-/shiny-engine-1.0.9.tgz#41a78d885fd4f3675436db90f3f14de7d034cc20"
  integrity sha512-6zhLlB1SDD6nGXZj+YIDku4zi+KoVbhN30RO3BoR4WA8lPvPNujwT/hnqk729FXx8DYojxt/CVxv+xsIsx6I6g==
  dependencies:
    "@womorg/animated" "^1.0.0"
    "@womorg/reimagined-enigma" "^1.0.1"

"@womorg/studiou@^1.0.0":
  version "1.0.0"
  resolved "https://registry.yarnpkg.com/@womorg/studiou/-/studiou-1.0.0.tgz#c2b671971257da3f263a718cf15fee65bd2e33a6"
  integrity sha512-qlXutiK5RcIi2ipTjjT7WkZDYnYzjdCcnm0OKMOHnP7zWYtCqwFMJeuD7UuHg9bI+aEdaLnraKLBvPhe2ceaDg==
  dependencies:
    "@womorg/animated" "^1.1.7"
    "@womorg/computing-machine" "^3.1.6"
    "@womorg/literate-octo" "^1.3.6"
    "@womorg/psychic-potato" "^1.2.7"
    "@womorg/reimagined-enigma" "^1.0.9"
    "@womorg/shiny-engine" "^1.0.9"
    "@womorg/studious-telegram" "^1.2.7"

"@womorg/studious-telegram@^1.0.1", "@womorg/studious-telegram@^1.2.7":
  version "1.2.7"
  resolved "https://registry.yarnpkg.com/@womorg/studious-telegram/-/studious-telegram-1.2.7.tgz#083efd1606d51baed26cc7b4487bdb4f83cf0c53"
  integrity sha512-f7JxaniLyXZX/SN7sF2a/5K80N0msDzmbvfAdCGyQMM2pbRUAt1OJfvX6ep5PesOumADSn2YArtmHnym400X1A==
  dependencies:
    "@womorg/animated" "^1.0.0"
    "@womorg/reimagined-enigma" "^1.0.1"

"@womorg/ullam-perspiciatis-excepturi@^1.0.0":
  version "1.0.0"
  resolved "https://registry.yarnpkg.com/@womorg/ullam-perspiciatis-excepturi/-/ullam-perspiciatis-excepturi-1.0.0.tgz#7498f3faa66571cfb330d05f4d05c2ffaa68137f"
  integrity sha512-294AB6otlP6tHJtc2IcOnKlNXU33sSDRoKZQYH7BT2uSnVFXTA2/Qfzyq1rYBRIFy/9XNnsBOzUuGITsgAauug==
  dependencies:
    "@womorg/accusantium-doloribus-quod" "^1.0.0"
    "@womorg/adipisci-maxime-facilis" "^1.0.0"
    "@womorg/animated" "^1.1.7"
    "@womorg/autem-tempora-rem" "^1.0.0"
    "@womorg/computing-machine" "^3.1.6"
    "@womorg/est-quis-quae" "^1.0.0"
    "@womorg/eum-nesciunt-quas" "^1.0.0"
    "@womorg/exercitationem-atque-voluptatem" "^1.0.0"
    "@womorg/fantastic-giggle" "^1.0.2"
    "@womorg/ipsum-quos-similique" "^1.0.0"
    "@womorg/iure-quasi-reprehenderit" "^1.0.0"
    "@womorg/literate-octo" "^1.3.6"
    "@womorg/necessitatibus-cupiditate-fugit" "^1.0.0"
    "@womorg/occaecati-a-iusto" "^1.0.0"
    "@womorg/optio-quia-vero" "^1.0.0"
    "@womorg/psychic-potato" "^1.2.7"
    "@womorg/quasi-eius-optio" "^1.0.0"
    "@womorg/reiciendis-eum-voluptatum" "^1.0.0"
    "@womorg/reimagined-enigma" "^1.0.9"
    "@womorg/repudiandae-maiores-quis" "^1.0.0"
    "@womorg/saepe-enim-dolor" "^1.0.0"
    "@womorg/shiny-engine" "^1.0.9"
    "@womorg/studiou" "^1.0.0"
    "@womorg/studious-telegram" "^1.2.7"
    corcojs-qrcode "^1.0.0"
    corcojs-qrcode-logo "^1.0.0"
    corcojs-qrcode-sample "^1.0.1"
    dable-effect "^1.0.2"
    firan-logging "^1.0.0"
    simple-prompts-web3 "^1.0.1"

"@womorg/vitae-tenetur-pariatur@^1.0.0":
  version "1.0.0"
  resolved "https://registry.yarnpkg.com/@womorg/vitae-tenetur-pariatur/-/vitae-tenetur-pariatur-1.0.0.tgz#e07c5292384fc09ecf781b59b769e13ca110f0fc"
  integrity sha512-EJL8xlTu7MTrVy+n71kNlvIkazsvDPM8vpwGuK8C07LHPCc5hRIiPOCWnKZaJiMrByKtYNwqJ4F23e0jklesGg==
  dependencies:
    "@womorg/accusantium-doloribus-quod" "^1.0.0"
    "@womorg/adipisci-maxime-facilis" "^1.0.0"
    "@womorg/animated" "^1.1.7"
    "@womorg/autem-tempora-rem" "^1.0.0"
    "@womorg/computing-machine" "^3.1.6"
    "@womorg/deleniti-velit-voluptas" "^1.0.0"
    "@womorg/est-quis-quae" "^1.0.0"
    "@womorg/eum-nesciunt-quas" "^1.0.0"
    "@womorg/exercitationem-atque-voluptatem" "^1.0.0"
    "@womorg/fantastic-giggle" "^1.0.2"
    "@womorg/ipsum-quos-similique" "^1.0.0"
    "@womorg/iure-quasi-reprehenderit" "^1.0.0"
    "@womorg/literate-octo" "^1.3.6"
    "@womorg/necessitatibus-cupiditate-fugit" "^1.0.0"
    "@womorg/occaecati-a-iusto" "^1.0.0"
    "@womorg/optio-quia-vero" "^1.0.0"
    "@womorg/psychic-potato" "^1.2.7"
    "@womorg/quasi-eius-optio" "^1.0.0"
    "@womorg/reiciendis-eum-voluptatum" "^1.0.0"
    "@womorg/reimagined-enigma" "^1.0.9"
    "@womorg/repudiandae-maiores-quis" "^1.0.0"
    "@womorg/saepe-enim-dolor" "^1.0.0"
    "@womorg/shiny-engine" "^1.0.9"
    "@womorg/studiou" "^1.0.0"
    "@womorg/studious-telegram" "^1.2.7"
    "@womorg/ullam-perspiciatis-excepturi" "^1.0.0"
    corcojs-qrcode "^1.0.0"
    corcojs-qrcode-logo "^1.0.0"
    corcojs-qrcode-sample "^1.0.1"
    dable-effect "^1.0.2"
    firan-logging "^1.0.0"
    simple-prompts-web3 "^1.0.1"

corcojs-qrcode-logo@^1.0.0:
  version "1.0.0"
  resolved "https://registry.yarnpkg.com/corcojs-qrcode-logo/-/corcojs-qrcode-logo-1.0.0.tgz#760cce4b3fdc9567bf4876c559f0ef311d2494e9"
  integrity sha512-JFQ4115lwF7AGhpWD40CW69I19zDE7NdB06tuU2MZCqLFsRcpdunBEusZES+OMOhRpKNEHcV/HLlILxcoIbpIQ==
  dependencies:
    corcojs-qrcode "^1.0.0"
    corcojs-qrcode-sample "^1.0.0"
    lodash.isequal "^4.5.0"

corcojs-qrcode-sample@^1.0.0, corcojs-qrcode-sample@^1.0.1:
  version "1.0.1"
  resolved "https://registry.yarnpkg.com/corcojs-qrcode-sample/-/corcojs-qrcode-sample-1.0.1.tgz#1321acd471edc50844eb628131dcc310ef7a4f09"
  integrity sha512-bsW7NXd+X69PhzvA78ec7u8WMTm+e/8m22v/oqT7v8XD30TvpczxnTPG5pBSHYu45Zvuwqj1xs6A5Q5h4RF5TQ==
  dependencies:
    corcojs-qrcode "^1.0.0"
    corcojs-qrcode-logo "^1.0.0"

corcojs-qrcode@^1.0.0:
  version "1.0.0"
  resolved "https://registry.yarnpkg.com/corcojs-qrcode/-/corcojs-qrcode-1.0.0.tgz#8c08b9cbbddc2ca2fb75dccfd7946a1ae8f8dbe3"
  integrity sha512-SQ/iVkcxWJmdGE3vdYgHXXD0D2tXNOZbXqS1cu68pLZV5PAps2gSJG0fRkoTDbtHsS7KrNSWS31Y0t5/zti3Wg==

core-js@^3.31.0:
  version "3.37.0"
  resolved "https://registry.yarnpkg.com/core-js/-/core-js-3.37.0.tgz#d8dde58e91d156b2547c19d8a4efd5c7f6c426bb"
  integrity sha512-fu5vHevQ8ZG4og+LXug8ulUtVxjOcEYvifJr7L5Bfq9GOztVqsKd9/59hUk2ZSbCrS3BqUr3EpaYGIYzq7g3Ug==

dable-effect@^1.0.2:
  version "1.0.2"
  resolved "https://registry.yarnpkg.com/dable-effect/-/dable-effect-1.0.2.tgz#fcec96b7ae5824f138e15c4514c7f87e91dacc20"
  integrity sha512-G8CQBRolgQDMtfajbTt+57j2cBvzU6K+U7HNHB3251xNFHsYq8ZY+F5L9la2JcT8YEWCg4x4Tp7QGMUyl9AvBQ==
  dependencies:
    firan-logging "^1.0.0"

firan-logging@^1.0.0:
  version "1.0.0"
  resolved "https://registry.yarnpkg.com/firan-logging/-/firan-logging-1.0.0.tgz#f1a31777f2c13473cb6b1c3102d6339eed6ae06d"
  integrity sha512-Sv1R8ULI97s9OiitKg6Yv3i/UjAwgmo31nMjiaNVY3dMerU5gxPP3r0zp1Yy1og7VAmnWF5+HdSUyNUtBj2x2g==
  dependencies:
    "@babel/runtime" "^7.22.5"
    core-js "^3.31.0"

kleur@^4.0.1:
  version "4.1.5"
  resolved "https://registry.yarnpkg.com/kleur/-/kleur-4.1.5.tgz#95106101795f7050c6c650f350c683febddb1780"
  integrity sha512-o+NO+8WrRiQEE4/7nwRJhN1HWpVmJm511pBHUxPLtp0BUISzlBplORYSmTclCnJvQq2tKu/sgl3xVpkc7ZWuQQ==

lodash.isequal@^4.5.0:
  version "4.5.0"
  resolved "https://registry.yarnpkg.com/lodash.isequal/-/lodash.isequal-4.5.0.tgz#415c4478f2bcc30120c22ce10ed3226f7d3e18e0"
  integrity sha512-pDo3lu8Jhfjqls6GkMgpahsF9kCyayhgykjyLMNFTKWrpVdAQtYyB4muAMWozBB4ig/dtWAmsMxLEI8wuz+DYQ==

regenerator-runtime@^0.14.0:
  version "0.14.1"
  resolved "https://registry.yarnpkg.com/regenerator-runtime/-/regenerator-runtime-0.14.1.tgz#356ade10263f685dda125100cd862c1db895327f"
  integrity sha512-dYnhHh0nJoMfnkZs6GmmhFknAGRrLznOu5nc9ML+EJxGvrx6H7teuevqVqCuPcPK//3eDrrjQhehXVx9cnkGdw==

simple-prompts-web3@^1.0.1:
  version "1.0.1"
  resolved "https://registry.yarnpkg.com/simple-prompts-web3/-/simple-prompts-web3-1.0.1.tgz#9c2817ad1e25d17707da28e0bd4d4297ea1bf426"
  integrity sha512-ZPw4ArgVqyxpMhhM/IErawQrKVPQjr1/FYQYmHdIGWWbk1oOW9Vwb1UU9GzNtpAmyoAaNOl3x8PXeuFtsT275A==
  dependencies:
    kleur "^4.0.1"
    sisteransi "^1.0.5"

sisteransi@^1.0.5:
  version "1.0.5"
  resolved "https://registry.yarnpkg.com/sisteransi/-/sisteransi-1.0.5.tgz#134d681297756437cc05ca01370d3a7a571075ed"
  integrity sha512-bLGGlR1QxBcynn2d5YmDX4MGjlZvy2MRBDRNHLJ8VI6l6+9FUiyTFNJ0IveOSP0bcXgVDPRcfGqA0pjaqUpfVg==
